
Microsoft Visual Studio Solution File, Format Version 12.00
# Visual Studio Version 17
VisualStudioVersion = 17.9.34622.214
MinimumVisualStudioVersion = 10.0.40219.1
Project("{9A19103F-16F7-4668-BE54-9A1E7A4F7556}") = "CarConnect", "CarConnect\CarConnect.csproj", "{0F7DF576-2FB2-489E-8B22-5913FE8C8059}"
EndProject
Global
	GlobalSection(SolutionConfigurationPlatforms) = preSolution
		Debug|Any CPU = Debug|Any CPU
		Release|Any CPU = Release|Any CPU
	EndGlobalSection
	GlobalSection(ProjectConfigurationPlatforms) = postSolution
		{0F7DF576-2FB2-489E-8B22-5913FE8C8059}.Debug|Any CPU.ActiveCfg = Debug|Any CPU
		{0F7DF576-2FB2-489E-8B22-5913FE8C8059}.Debug|Any CPU.Build.0 = Debug|Any CPU
		{0F7DF576-2FB2-489E-8B22-5913FE8C8059}.Release|Any CPU.ActiveCfg = Release|Any CPU
		{0F7DF576-2FB2-489E-8B22-5913FE8C8059}.Release|Any CPU.Build.0 = Release|Any CPU
	EndGlobalSection
	GlobalSection(SolutionProperties) = preSolution
		HideSolutionNode = FALSE
	EndGlobalSection
	GlobalSection(ExtensibilityGlobals) = postSolution
		SolutionGuid = {D6F59C93-781E-4B26-98E8-CDDA90E3DDBF}
	EndGlobalSection
EndGlobal
